// !$*UTF8*$!
{
	archiveVersion = 1;
	classes = {
	};
	objectVersion = 46;
	objects = {

/* Begin PBXBuildFile section */
		B97165DD1AE684CA004A5884 /* main.m in Sources */ = {isa = PBXBuildFile; fileRef = B97165DC1AE684CA004A5884 /* main.m */; };
		B97165E51AE6854D004A5884 /* Person.m in Sources */ = {isa = PBXBuildFile; fileRef = B97165E41AE6854D004A5884 /* Person.m */; };
/* End PBXBuildFile section */

/* Begin PBXCopyFilesBuildPhase section */
		B97165D71AE684CA004A5884 /* CopyFiles */ = {
			isa = PBXCopyFilesBuildPhase;
			buildActionMask = 2147483647;
			dstPath = /usr/share/man/man1/;
			dstSubfolderSpec = 0;
			files = (
			);
			runOnlyForDeploymentPostprocessing = 1;
		};
/* End PBXCopyFilesBuildPhase section */

/* Begin PBXFileReference section */
		B97165D91AE684CA004A5884 /* id */ = {isa = PBXFileReference; explicitFileType = "compiled.mach-o.executable"; includeInIndex = 0; path = id; sourceTree = BUILT_PRODUCTS_DIR; };
		B97165DC1AE684CA004A5884 /* main.m */ = {isa = PBXFileReference; lastKnownFileType = sourcecode.c.objc; path = main.m; sourceTree = "<group>"; };
		B97165E31AE6854D004A5884 /* Person.h */ = {isa = PBXFileReference; fileEncoding = 4; lastKnownFileType = sourcecode.c.h; path = Person.h; sourceTree = "<group>"; };
		B97165E41AE6854D004A5884 /* Person.m */ = {isa = PBXFileReference; fileEncoding = 4; lastKnownFileType = sourcecode.c.objc; path = Person.m; sourceTree = "<group>"; };
/* End PBXFileReference section */

/* Begin PBXFrameworksBuildPhase section */
		B97165D61AE684CA004A5884 /* Frameworks */ = {
			isa = PBXFrameworksBuildPhase;
			buildActionMask = 2147483647;
			files = (
			);
			runOnlyForDeploymentPostprocessing = 0;
		};
/* End PBXFrameworksBuildPhase section */

/* Begin PBXGroup section */
		B97165D01AE684CA004A5884 = {
			isa = PBXGroup;
			children = (
				B97165DB1AE684CA004A5884 /* id */,
				B97165DA1AE684CA004A5884 /* Products */,
			);
			sourceTree = "<group>";
		};
		B97165DA1AE684CA004A5884 /* Products */ = {
			isa = PBXGroup;
			children = (
				B97165D91AE684CA004A5884 /* id */,
			);
			name = Products;
			sourceTree = "<group>";
		};
		B97165DB1AE684CA004A5884 /* id */ = {
			isa = PBXGroup;
			children = (
				B97165DC1AE684CA004A5884 /* main.m */,
				B97165E31AE6854D004A5884 /* Person.h */,
				B97165E41AE6854D004A5884 /* Person.m */,
			);
			path = id;
			sourceTree = "<group>";
		};
/* End PBXGroup section */

/* Begin PBXNativeTarget section */
		B97165D81AE684CA004A5884 /* id */ = {
			isa = PBXNativeTarget;
			buildConfigurationList = B97165E01AE684CA004A5884 /* Build configuration list for PBXNativeTarget "id" */;
			buildPhases = (
				B97165D51AE684CA004A5884 /* Sources */,
				B97165D61AE684CA004A5884 /* Frameworks */,
				B97165D71AE684CA004A5884 /* CopyFiles */,
			);
			buildRules = (
			);
			dependencies = (
			);
			name = id;
			productName = id;
			productReference = B97165D91AE684CA004A5884 /* id */;
			productType = "com.apple.product-type.tool";
		};
/* End PBXNativeTarget section */

/* Begin PBXProject section */
		B97165D11AE684CA004A5884 /* Project object */ = {
			isa = PBXProject;
			attributes = {
				LastUpgradeCheck = 0630;
				ORGANIZATIONNAME = "Sophia Tang";
				TargetAttributes = {
					B97165D81AE684CA004A5884 = {
						CreatedOnToolsVersion = 6.3;
					};
				};
			};
			buildConfigurationList = B97165D41AE684CA004A5884 /* Build configuration list for PBXProject "id" */;
			compatibilityVersion = "Xcode 3.2";
			developmentRegion = English;
			hasScannedForEncodings = 0;
			knownRegions = (
				en,
			);
			mainGroup = B97165D01AE684CA004A5884;
			productRefGroup = B97165DA1AE684CA004A5884 /* Products */;
			projectDirPath = "";
			projectRoot = "";
			targets = (
				B97165D81AE684CA004A5884 /* id */,
			);
		};
/* End PBXProject section */

/* Begin PBXSourcesBuildPhase section */
		B97165D51AE684CA004A5884 /* Sources */ = {
			isa = PBXSourcesBuildPhase;
			buildActionMask = 2147483647;
			files = (
				B97165E51AE6854D004A5884 /* Person.m in Sources */,
				B97165DD1AE684CA004A5884 /* main.m in Sources */,
			);
			runOnlyForDeploymentPostprocessing = 0;
		};
/* End PBXSourcesBuildPhase section */

/* Begin XCBuildConfiguration section */
		B97165DE1AE684CA004A5884 /* Debug */ = {
			isa = XCBuildConfiguration;
			buildSettings = {
				ALWAYS_SEARCH_USER_PATHS = NO;
				CLANG_CXX_LANGUAGE_STANDARD = "gnu++0x";
				CLANG_CXX_LIBRARY = "libc++";
				CLANG_ENABLE_MODULES = YES;
				CLANG_ENABLE_OBJC_ARC = YES;
				CLANG_WARN_BOOL_CONVERSION = YES;
				CLANG_WARN_CONSTANT_CONVERSION = YES;
				CLANG_WARN_DIRECT_OBJC_ISA_USAGE = YES_ERROR;
				CLANG_WARN_EMPTY_BODY = YES;
				CLANG_WARN_ENUM_CONVERSION = YES;
				CLANG_WARN_INT_CONVERSION = YES;
				CLANG_WARN_OBJC_ROOT_CLASS = YES_ERROR;
				CLANG_WARN_UNREACHABLE_CODE = YES;
				CLANG_WARN__DUPLICATE_METHOD_MATCH = YES;
				COPY_PHASE_STRIP = NO;
				DEBUG_INFORMATION_FORMAT = dwarf;
				ENABLE_STRICT_OBJC_MSGSEND = YES;
				GCC_C_LANGUAGE_STANDARD = gnu99;
				GCC_DYNAMIC_NO_PIC = NO;
				GCC_NO_COMMON_BLOCKS = YES;
				GCC_OPTIMIZATION_LEVEL = 0;
				GCC_PREPROCESSOR_DEFINITIONS = (
					"DEBUG=1",
					"$(inherited)",
				);
				GCC_SYMBOLS_PRIVATE_EXTERN = NO;
				GCC_WARN_64_TO_32_BIT_CONVERSION = YES;
				GCC_WARN_ABOUT_RETURN_TYPE = YES_ERROR;
				GCC_WARN_UNDECLARED_SELECTOR = YES;
				GCC_WARN_UNINITIALIZED_AUTOS = YES_AGGRESSIVE;
				GCC_WARN_UNUSED_FUNCTION = YES;
				GCC_WARN_UNUSED_VARIABLE = YES;
				MACOSX_DEPLOYMENT_TARGET = 10.10;
				MTL_ENABLE_DEBUG_INFO = YES;
				ONLY_ACTIVE_ARCH = YES;
				SDKROOT = macosx;
			};
			name = Debug;
		};
		B97165DF1AE684CA004A5884 /* Release */ = {
			isa = XCBuildConfiguration;
			buildSettings = {
				ALWAYS_SEARCH_USER_PATHS = NO;
				CLANG_CXX_LANGUAGE_STANDARD = "gnu++0x";
				CLANG_CXX_LIBRARY = "libc++";
				CLANG_ENABLE_MODULES = YES;
				CLANG_ENABLE_OBJC_ARC = YES;
				CLANG_WARN_BOOL_CONVERSION = YES;
				CLANG_WARN_CONSTANT_CONVERSION = YES;
				CLANG_WARN_DIRECT_OBJC_ISA_USAGE = YES_ERROR;
				CLANG_WARN_EMPTY_BODY = YES;
				CLANG_WARN_ENUM_CONVERSION = YES;
				CLANG_WARN_INT_CONVERSION = YES;
				CLANG_WARN_OBJC_ROOT_CLASS = YES_ERROR;
				CLANG_WARN_UNREACHABLE_CODE = YES;
				CLANG_WARN__DUPLICATE_METHOD_MATCH = YES;
				COPY_PHASE_STRIP = NO;
				DEBUG_INFORMATION_FORMAT = "dwarf-with-dsym";
				ENABLE_NS_ASSERTIONS = NO;
				ENABLE_STRICT_OBJC_MSGSEND = YES;
				GCC_C_LANGUAGE_STANDARD = gnu99;
				GCC_NO_COMMON_BLOCKS = YES;
				GCC_WARN_64_TO_32_BIT_CONVERSION = YES;
				GCC_WARN_ABOUT_RETURN_TYPE = YES_ERROR;
				GCC_WARN_UNDECLARED_SELECTOR = YES;
				GCC_WARN_UNINITIALIZED_AUTOS = YES_AGGRESSIVE;
				GCC_WARN_UNUSED_FUNCTION = YES;
				GCC_WARN_UNUSED_VARIABLE = YES;
				MACOSX_DEPLOYMENT_TARGET = 10.10;
				MTL_ENABLE_DEBUG_INFO = NO;
				SDKROOT = macosx;
			};
			name = Release;
		};
		B97165E11AE684CA004A5884 /* Debug */ = {
			isa = XCBuildConfiguration;
			buildSettings = {
				PRODUCT_NAME = "$(TARGET_NAME)";
			};
			name = Debug;
		};
		B97165E21AE684CA004A5884 /* Release */ = {
			isa = XCBuildConfiguration;
			buildSettings = {
				PRODUCT_NAME = "$(TARGET_NAME)";
			};
			name = Release;
		};
/* End XCBuildConfiguration section */

/* Begin XCConfigurationList section */
		B97165D41AE684CA004A5884 /* Build configuration list for PBXProject "id" */ = {
			isa = XCConfigurationList;
			buildConfigurations = (
				B97165DE1AE684CA004A5884 /* Debug */,
				B97165DF1AE684CA004A5884 /* Release */,
			);
			defaultConfigurationIsVisible = 0;
			defaultConfigurationName = Release;
		};
		B97165E01AE684CA004A5884 /* Build configuration list for PBXNativeTarget "id" */ = {
			isa = XCConfigurationList;
			buildConfigurations = (
				B97165E11AE684CA004A5884 /* Debug */,
				B97165E21AE684CA004A5884 /* Release */,
			);
			defaultConfigurationIsVisible = 0;
		};
/* End XCConfigurationList section */
	};
	rootObject = B97165D11AE684CA004A5884 /* Project object */;
}
