// !$*UTF8*$!
{
	archiveVersion = 1;
	classes = {
	};
	objectVersion = 46;
	objects = {

/* Begin PBXBuildFile section */
		B941F52C1AF0ABE70046B949 /* crown.png in Resources */ = {isa = PBXBuildFile; fileRef = B941F52B1AF0ABE70046B949 /* crown.png */; };
		B941F52E1AF0AE5B0046B949 /* whole_hand.png in Resources */ = {isa = PBXBuildFile; fileRef = B941F52D1AF0AE5B0046B949 /* whole_hand.png */; };
		B941F5341AF0B5FF0046B949 /* 5StarsSmall.png in Resources */ = {isa = PBXBuildFile; fileRef = B941F52F1AF0B5FF0046B949 /* 5StarsSmall.png */; };
		B941F5351AF0B5FF0046B949 /* 4StarsSmall.png in Resources */ = {isa = PBXBuildFile; fileRef = B941F5301AF0B5FF0046B949 /* 4StarsSmall.png */; };
		B941F5361AF0B5FF0046B949 /* 3StarsSmall.png in Resources */ = {isa = PBXBuildFile; fileRef = B941F5311AF0B5FF0046B949 /* 3StarsSmall.png */; };
		B941F5371AF0B5FF0046B949 /* 2StarsSmall.png in Resources */ = {isa = PBXBuildFile; fileRef = B941F5321AF0B5FF0046B949 /* 2StarsSmall.png */; };
		B941F5381AF0B5FF0046B949 /* 1StarsSmall.png in Resources */ = {isa = PBXBuildFile; fileRef = B941F5331AF0B5FF0046B949 /* 1StarsSmall.png */; };
		B941F5411AF0BD910046B949 /* PlayerCell.m in Sources */ = {isa = PBXBuildFile; fileRef = B941F5401AF0BD910046B949 /* PlayerCell.m */; };
		B941F5441AF0C1810046B949 /* PlayerDetailsViewController.m in Sources */ = {isa = PBXBuildFile; fileRef = B941F5431AF0C1810046B949 /* PlayerDetailsViewController.m */; };
		B941F5471AF0E84A0046B949 /* GamePickViewController.m in Sources */ = {isa = PBXBuildFile; fileRef = B941F5461AF0E84A0046B949 /* GamePickViewController.m */; };
		B941F57C1AF0FE000046B949 /* TestTableViewController.m in Sources */ = {isa = PBXBuildFile; fileRef = B941F57B1AF0FE000046B949 /* TestTableViewController.m */; };
		B98162571AEFDE8F000C07FD /* main.m in Sources */ = {isa = PBXBuildFile; fileRef = B98162561AEFDE8F000C07FD /* main.m */; };
		B981625A1AEFDE8F000C07FD /* AppDelegate.m in Sources */ = {isa = PBXBuildFile; fileRef = B98162591AEFDE8F000C07FD /* AppDelegate.m */; };
		B981625D1AEFDE8F000C07FD /* ViewController.m in Sources */ = {isa = PBXBuildFile; fileRef = B981625C1AEFDE8F000C07FD /* ViewController.m */; };
		B98162601AEFDE8F000C07FD /* Main.storyboard in Resources */ = {isa = PBXBuildFile; fileRef = B981625E1AEFDE8F000C07FD /* Main.storyboard */; };
		B98162621AEFDE8F000C07FD /* Images.xcassets in Resources */ = {isa = PBXBuildFile; fileRef = B98162611AEFDE8F000C07FD /* Images.xcassets */; };
		B98162651AEFDE8F000C07FD /* LaunchScreen.xib in Resources */ = {isa = PBXBuildFile; fileRef = B98162631AEFDE8F000C07FD /* LaunchScreen.xib */; };
		B98162711AEFDE8F000C07FD /* RatingsTests.m in Sources */ = {isa = PBXBuildFile; fileRef = B98162701AEFDE8F000C07FD /* RatingsTests.m */; };
		B981627C1AEFE77E000C07FD /* PlayersViewControllerTableViewController.m in Sources */ = {isa = PBXBuildFile; fileRef = B981627B1AEFE77E000C07FD /* PlayersViewControllerTableViewController.m */; };
		B981627F1AEFE922000C07FD /* Player.m in Sources */ = {isa = PBXBuildFile; fileRef = B981627E1AEFE922000C07FD /* Player.m */; };
/* End PBXBuildFile section */

/* Begin PBXContainerItemProxy section */
		B981626B1AEFDE8F000C07FD /* PBXContainerItemProxy */ = {
			isa = PBXContainerItemProxy;
			containerPortal = B98162491AEFDE8F000C07FD /* Project object */;
			proxyType = 1;
			remoteGlobalIDString = B98162501AEFDE8F000C07FD;
			remoteInfo = Ratings;
		};
/* End PBXContainerItemProxy section */

/* Begin PBXFileReference section */
		B941F52B1AF0ABE70046B949 /* crown.png */ = {isa = PBXFileReference; lastKnownFileType = image.png; path = crown.png; sourceTree = "<group>"; };
		B941F52D1AF0AE5B0046B949 /* whole_hand.png */ = {isa = PBXFileReference; lastKnownFileType = image.png; path = whole_hand.png; sourceTree = "<group>"; };
		B941F52F1AF0B5FF0046B949 /* 5StarsSmall.png */ = {isa = PBXFileReference; lastKnownFileType = image.png; path = 5StarsSmall.png; sourceTree = "<group>"; };
		B941F5301AF0B5FF0046B949 /* 4StarsSmall.png */ = {isa = PBXFileReference; lastKnownFileType = image.png; path = 4StarsSmall.png; sourceTree = "<group>"; };
		B941F5311AF0B5FF0046B949 /* 3StarsSmall.png */ = {isa = PBXFileReference; lastKnownFileType = image.png; path = 3StarsSmall.png; sourceTree = "<group>"; };
		B941F5321AF0B5FF0046B949 /* 2StarsSmall.png */ = {isa = PBXFileReference; lastKnownFileType = image.png; path = 2StarsSmall.png; sourceTree = "<group>"; };
		B941F5331AF0B5FF0046B949 /* 1StarsSmall.png */ = {isa = PBXFileReference; lastKnownFileType = image.png; path = 1StarsSmall.png; sourceTree = "<group>"; };
		B941F53F1AF0BD910046B949 /* PlayerCell.h */ = {isa = PBXFileReference; fileEncoding = 4; lastKnownFileType = sourcecode.c.h; path = PlayerCell.h; sourceTree = "<group>"; };
		B941F5401AF0BD910046B949 /* PlayerCell.m */ = {isa = PBXFileReference; fileEncoding = 4; lastKnownFileType = sourcecode.c.objc; path = PlayerCell.m; sourceTree = "<group>"; };
		B941F5421AF0C1810046B949 /* PlayerDetailsViewController.h */ = {isa = PBXFileReference; fileEncoding = 4; lastKnownFileType = sourcecode.c.h; path = PlayerDetailsViewController.h; sourceTree = "<group>"; };
		B941F5431AF0C1810046B949 /* PlayerDetailsViewController.m */ = {isa = PBXFileReference; fileEncoding = 4; lastKnownFileType = sourcecode.c.objc; path = PlayerDetailsViewController.m; sourceTree = "<group>"; };
		B941F5451AF0E84A0046B949 /* GamePickViewController.h */ = {isa = PBXFileReference; fileEncoding = 4; lastKnownFileType = sourcecode.c.h; path = GamePickViewController.h; sourceTree = "<group>"; };
		B941F5461AF0E84A0046B949 /* GamePickViewController.m */ = {isa = PBXFileReference; fileEncoding = 4; lastKnownFileType = sourcecode.c.objc; path = GamePickViewController.m; sourceTree = "<group>"; };
		B941F57A1AF0FE000046B949 /* TestTableViewController.h */ = {isa = PBXFileReference; fileEncoding = 4; lastKnownFileType = sourcecode.c.h; path = TestTableViewController.h; sourceTree = "<group>"; };
		B941F57B1AF0FE000046B949 /* TestTableViewController.m */ = {isa = PBXFileReference; fileEncoding = 4; lastKnownFileType = sourcecode.c.objc; path = TestTableViewController.m; sourceTree = "<group>"; };
		B98162511AEFDE8F000C07FD /* Ratings.app */ = {isa = PBXFileReference; explicitFileType = wrapper.application; includeInIndex = 0; path = Ratings.app; sourceTree = BUILT_PRODUCTS_DIR; };
		B98162551AEFDE8F000C07FD /* Info.plist */ = {isa = PBXFileReference; lastKnownFileType = text.plist.xml; path = Info.plist; sourceTree = "<group>"; };
		B98162561AEFDE8F000C07FD /* main.m */ = {isa = PBXFileReference; lastKnownFileType = sourcecode.c.objc; path = main.m; sourceTree = "<group>"; };
		B98162581AEFDE8F000C07FD /* AppDelegate.h */ = {isa = PBXFileReference; lastKnownFileType = sourcecode.c.h; path = AppDelegate.h; sourceTree = "<group>"; };
		B98162591AEFDE8F000C07FD /* AppDelegate.m */ = {isa = PBXFileReference; lastKnownFileType = sourcecode.c.objc; path = AppDelegate.m; sourceTree = "<group>"; };
		B981625B1AEFDE8F000C07FD /* ViewController.h */ = {isa = PBXFileReference; lastKnownFileType = sourcecode.c.h; path = ViewController.h; sourceTree = "<group>"; };
		B981625C1AEFDE8F000C07FD /* ViewController.m */ = {isa = PBXFileReference; lastKnownFileType = sourcecode.c.objc; path = ViewController.m; sourceTree = "<group>"; };
		B981625F1AEFDE8F000C07FD /* Base */ = {isa = PBXFileReference; lastKnownFileType = file.storyboard; name = Base; path = Base.lproj/Main.storyboard; sourceTree = "<group>"; };
		B98162611AEFDE8F000C07FD /* Images.xcassets */ = {isa = PBXFileReference; lastKnownFileType = folder.assetcatalog; path = Images.xcassets; sourceTree = "<group>"; };
		B98162641AEFDE8F000C07FD /* Base */ = {isa = PBXFileReference; lastKnownFileType = file.xib; name = Base; path = Base.lproj/LaunchScreen.xib; sourceTree = "<group>"; };
		B981626A1AEFDE8F000C07FD /* RatingsTests.xctest */ = {isa = PBXFileReference; explicitFileType = wrapper.cfbundle; includeInIndex = 0; path = RatingsTests.xctest; sourceTree = BUILT_PRODUCTS_DIR; };
		B981626F1AEFDE8F000C07FD /* Info.plist */ = {isa = PBXFileReference; lastKnownFileType = text.plist.xml; path = Info.plist; sourceTree = "<group>"; };
		B98162701AEFDE8F000C07FD /* RatingsTests.m */ = {isa = PBXFileReference; lastKnownFileType = sourcecode.c.objc; path = RatingsTests.m; sourceTree = "<group>"; };
		B981627A1AEFE77E000C07FD /* PlayersViewControllerTableViewController.h */ = {isa = PBXFileReference; fileEncoding = 4; lastKnownFileType = sourcecode.c.h; path = PlayersViewControllerTableViewController.h; sourceTree = "<group>"; };
		B981627B1AEFE77E000C07FD /* PlayersViewControllerTableViewController.m */ = {isa = PBXFileReference; fileEncoding = 4; lastKnownFileType = sourcecode.c.objc; path = PlayersViewControllerTableViewController.m; sourceTree = "<group>"; };
		B981627D1AEFE922000C07FD /* Player.h */ = {isa = PBXFileReference; fileEncoding = 4; lastKnownFileType = sourcecode.c.h; path = Player.h; sourceTree = "<group>"; };
		B981627E1AEFE922000C07FD /* Player.m */ = {isa = PBXFileReference; fileEncoding = 4; lastKnownFileType = sourcecode.c.objc; path = Player.m; sourceTree = "<group>"; };
/* End PBXFileReference section */

/* Begin PBXFrameworksBuildPhase section */
		B981624E1AEFDE8F000C07FD /* Frameworks */ = {
			isa = PBXFrameworksBuildPhase;
			buildActionMask = 2147483647;
			files = (
			);
			runOnlyForDeploymentPostprocessing = 0;
		};
		B98162671AEFDE8F000C07FD /* Frameworks */ = {
			isa = PBXFrameworksBuildPhase;
			buildActionMask = 2147483647;
			files = (
			);
			runOnlyForDeploymentPostprocessing = 0;
		};
/* End PBXFrameworksBuildPhase section */

/* Begin PBXGroup section */
		B98162481AEFDE8F000C07FD = {
			isa = PBXGroup;
			children = (
				B941F57A1AF0FE000046B949 /* TestTableViewController.h */,
				B941F57B1AF0FE000046B949 /* TestTableViewController.m */,
				B98162531AEFDE8F000C07FD /* Ratings */,
				B981626D1AEFDE8F000C07FD /* RatingsTests */,
				B98162521AEFDE8F000C07FD /* Products */,
			);
			sourceTree = "<group>";
		};
		B98162521AEFDE8F000C07FD /* Products */ = {
			isa = PBXGroup;
			children = (
				B98162511AEFDE8F000C07FD /* Ratings.app */,
				B981626A1AEFDE8F000C07FD /* RatingsTests.xctest */,
			);
			name = Products;
			sourceTree = "<group>";
		};
		B98162531AEFDE8F000C07FD /* Ratings */ = {
			isa = PBXGroup;
			children = (
				B941F52F1AF0B5FF0046B949 /* 5StarsSmall.png */,
				B941F5301AF0B5FF0046B949 /* 4StarsSmall.png */,
				B941F5311AF0B5FF0046B949 /* 3StarsSmall.png */,
				B941F5321AF0B5FF0046B949 /* 2StarsSmall.png */,
				B941F5331AF0B5FF0046B949 /* 1StarsSmall.png */,
				B941F52D1AF0AE5B0046B949 /* whole_hand.png */,
				B941F52B1AF0ABE70046B949 /* crown.png */,
				B98162581AEFDE8F000C07FD /* AppDelegate.h */,
				B98162591AEFDE8F000C07FD /* AppDelegate.m */,
				B981625B1AEFDE8F000C07FD /* ViewController.h */,
				B981625C1AEFDE8F000C07FD /* ViewController.m */,
				B981625E1AEFDE8F000C07FD /* Main.storyboard */,
				B98162611AEFDE8F000C07FD /* Images.xcassets */,
				B98162631AEFDE8F000C07FD /* LaunchScreen.xib */,
				B98162541AEFDE8F000C07FD /* Supporting Files */,
				B981627A1AEFE77E000C07FD /* PlayersViewControllerTableViewController.h */,
				B981627B1AEFE77E000C07FD /* PlayersViewControllerTableViewController.m */,
				B981627D1AEFE922000C07FD /* Player.h */,
				B981627E1AEFE922000C07FD /* Player.m */,
				B941F53F1AF0BD910046B949 /* PlayerCell.h */,
				B941F5401AF0BD910046B949 /* PlayerCell.m */,
				B941F5421AF0C1810046B949 /* PlayerDetailsViewController.h */,
				B941F5431AF0C1810046B949 /* PlayerDetailsViewController.m */,
				B941F5451AF0E84A0046B949 /* GamePickViewController.h */,
				B941F5461AF0E84A0046B949 /* GamePickViewController.m */,
			);
			path = Ratings;
			sourceTree = "<group>";
		};
		B98162541AEFDE8F000C07FD /* Supporting Files */ = {
			isa = PBXGroup;
			children = (
				B98162551AEFDE8F000C07FD /* Info.plist */,
				B98162561AEFDE8F000C07FD /* main.m */,
			);
			name = "Supporting Files";
			sourceTree = "<group>";
		};
		B981626D1AEFDE8F000C07FD /* RatingsTests */ = {
			isa = PBXGroup;
			children = (
				B98162701AEFDE8F000C07FD /* RatingsTests.m */,
				B981626E1AEFDE8F000C07FD /* Supporting Files */,
			);
			path = RatingsTests;
			sourceTree = "<group>";
		};
		B981626E1AEFDE8F000C07FD /* Supporting Files */ = {
			isa = PBXGroup;
			children = (
				B981626F1AEFDE8F000C07FD /* Info.plist */,
			);
			name = "Supporting Files";
			sourceTree = "<group>";
		};
/* End PBXGroup section */

/* Begin PBXNativeTarget section */
		B98162501AEFDE8F000C07FD /* Ratings */ = {
			isa = PBXNativeTarget;
			buildConfigurationList = B98162741AEFDE8F000C07FD /* Build configuration list for PBXNativeTarget "Ratings" */;
			buildPhases = (
				B981624D1AEFDE8F000C07FD /* Sources */,
				B981624E1AEFDE8F000C07FD /* Frameworks */,
				B981624F1AEFDE8F000C07FD /* Resources */,
			);
			buildRules = (
			);
			dependencies = (
			);
			name = Ratings;
			productName = Ratings;
			productReference = B98162511AEFDE8F000C07FD /* Ratings.app */;
			productType = "com.apple.product-type.application";
		};
		B98162691AEFDE8F000C07FD /* RatingsTests */ = {
			isa = PBXNativeTarget;
			buildConfigurationList = B98162771AEFDE8F000C07FD /* Build configuration list for PBXNativeTarget "RatingsTests" */;
			buildPhases = (
				B98162661AEFDE8F000C07FD /* Sources */,
				B98162671AEFDE8F000C07FD /* Frameworks */,
				B98162681AEFDE8F000C07FD /* Resources */,
			);
			buildRules = (
			);
			dependencies = (
				B981626C1AEFDE8F000C07FD /* PBXTargetDependency */,
			);
			name = RatingsTests;
			productName = RatingsTests;
			productReference = B981626A1AEFDE8F000C07FD /* RatingsTests.xctest */;
			productType = "com.apple.product-type.bundle.unit-test";
		};
/* End PBXNativeTarget section */

/* Begin PBXProject section */
		B98162491AEFDE8F000C07FD /* Project object */ = {
			isa = PBXProject;
			attributes = {
				LastUpgradeCheck = 0630;
				ORGANIZATIONNAME = "Sophia Tang";
				TargetAttributes = {
					B98162501AEFDE8F000C07FD = {
						CreatedOnToolsVersion = 6.3;
					};
					B98162691AEFDE8F000C07FD = {
						CreatedOnToolsVersion = 6.3;
						TestTargetID = B98162501AEFDE8F000C07FD;
					};
				};
			};
			buildConfigurationList = B981624C1AEFDE8F000C07FD /* Build configuration list for PBXProject "Ratings" */;
			compatibilityVersion = "Xcode 3.2";
			developmentRegion = English;
			hasScannedForEncodings = 0;
			knownRegions = (
				en,
				Base,
			);
			mainGroup = B98162481AEFDE8F000C07FD;
			productRefGroup = B98162521AEFDE8F000C07FD /* Products */;
			projectDirPath = "";
			projectRoot = "";
			targets = (
				B98162501AEFDE8F000C07FD /* Ratings */,
				B98162691AEFDE8F000C07FD /* RatingsTests */,
			);
		};
/* End PBXProject section */

/* Begin PBXResourcesBuildPhase section */
		B981624F1AEFDE8F000C07FD /* Resources */ = {
			isa = PBXResourcesBuildPhase;
			buildActionMask = 2147483647;
			files = (
				B941F5351AF0B5FF0046B949 /* 4StarsSmall.png in Resources */,
				B98162601AEFDE8F000C07FD /* Main.storyboard in Resources */,
				B941F5371AF0B5FF0046B949 /* 2StarsSmall.png in Resources */,
				B941F52E1AF0AE5B0046B949 /* whole_hand.png in Resources */,
				B941F5361AF0B5FF0046B949 /* 3StarsSmall.png in Resources */,
				B941F5381AF0B5FF0046B949 /* 1StarsSmall.png in Resources */,
				B941F52C1AF0ABE70046B949 /* crown.png in Resources */,
				B98162651AEFDE8F000C07FD /* LaunchScreen.xib in Resources */,
				B98162621AEFDE8F000C07FD /* Images.xcassets in Resources */,
				B941F5341AF0B5FF0046B949 /* 5StarsSmall.png in Resources */,
			);
			runOnlyForDeploymentPostprocessing = 0;
		};
		B98162681AEFDE8F000C07FD /* Resources */ = {
			isa = PBXResourcesBuildPhase;
			buildActionMask = 2147483647;
			files = (
			);
			runOnlyForDeploymentPostprocessing = 0;
		};
/* End PBXResourcesBuildPhase section */

/* Begin PBXSourcesBuildPhase section */
		B981624D1AEFDE8F000C07FD /* Sources */ = {
			isa = PBXSourcesBuildPhase;
			buildActionMask = 2147483647;
			files = (
				B981625D1AEFDE8F000C07FD /* ViewController.m in Sources */,
				B981625A1AEFDE8F000C07FD /* AppDelegate.m in Sources */,
				B98162571AEFDE8F000C07FD /* main.m in Sources */,
				B941F5471AF0E84A0046B949 /* GamePickViewController.m in Sources */,
				B981627C1AEFE77E000C07FD /* PlayersViewControllerTableViewController.m in Sources */,
				B941F5411AF0BD910046B949 /* PlayerCell.m in Sources */,
				B941F57C1AF0FE000046B949 /* TestTableViewController.m in Sources */,
				B981627F1AEFE922000C07FD /* Player.m in Sources */,
				B941F5441AF0C1810046B949 /* PlayerDetailsViewController.m in Sources */,
			);
			runOnlyForDeploymentPostprocessing = 0;
		};
		B98162661AEFDE8F000C07FD /* Sources */ = {
			isa = PBXSourcesBuildPhase;
			buildActionMask = 2147483647;
			files = (
				B98162711AEFDE8F000C07FD /* RatingsTests.m in Sources */,
			);
			runOnlyForDeploymentPostprocessing = 0;
		};
/* End PBXSourcesBuildPhase section */

/* Begin PBXTargetDependency section */
		B981626C1AEFDE8F000C07FD /* PBXTargetDependency */ = {
			isa = PBXTargetDependency;
			target = B98162501AEFDE8F000C07FD /* Ratings */;
			targetProxy = B981626B1AEFDE8F000C07FD /* PBXContainerItemProxy */;
		};
/* End PBXTargetDependency section */

/* Begin PBXVariantGroup section */
		B981625E1AEFDE8F000C07FD /* Main.storyboard */ = {
			isa = PBXVariantGroup;
			children = (
				B981625F1AEFDE8F000C07FD /* Base */,
			);
			name = Main.storyboard;
			sourceTree = "<group>";
		};
		B98162631AEFDE8F000C07FD /* LaunchScreen.xib */ = {
			isa = PBXVariantGroup;
			children = (
				B98162641AEFDE8F000C07FD /* Base */,
			);
			name = LaunchScreen.xib;
			sourceTree = "<group>";
		};
/* End PBXVariantGroup section */

/* Begin XCBuildConfiguration section */
		B98162721AEFDE8F000C07FD /* Debug */ = {
			isa = XCBuildConfiguration;
			buildSettings = {
				ALWAYS_SEARCH_USER_PATHS = NO;
				CLANG_CXX_LANGUAGE_STANDARD = "gnu++0x";
				CLANG_CXX_LIBRARY = "libc++";
				CLANG_ENABLE_MODULES = YES;
				CLANG_ENABLE_OBJC_ARC = YES;
				CLANG_WARN_BOOL_CONVERSION = YES;
				CLANG_WARN_CONSTANT_CONVERSION = YES;
				CLANG_WARN_DIRECT_OBJC_ISA_USAGE = YES_ERROR;
				CLANG_WARN_EMPTY_BODY = YES;
				CLANG_WARN_ENUM_CONVERSION = YES;
				CLANG_WARN_INT_CONVERSION = YES;
				CLANG_WARN_OBJC_ROOT_CLASS = YES_ERROR;
				CLANG_WARN_UNREACHABLE_CODE = YES;
				CLANG_WARN__DUPLICATE_METHOD_MATCH = YES;
				"CODE_SIGN_IDENTITY[sdk=iphoneos*]" = "iPhone Developer";
				COPY_PHASE_STRIP = NO;
				DEBUG_INFORMATION_FORMAT = "dwarf-with-dsym";
				ENABLE_STRICT_OBJC_MSGSEND = YES;
				GCC_C_LANGUAGE_STANDARD = gnu99;
				GCC_DYNAMIC_NO_PIC = NO;
				GCC_NO_COMMON_BLOCKS = YES;
				GCC_OPTIMIZATION_LEVEL = 0;
				GCC_PREPROCESSOR_DEFINITIONS = (
					"DEBUG=1",
					"$(inherited)",
				);
				GCC_SYMBOLS_PRIVATE_EXTERN = NO;
				GCC_WARN_64_TO_32_BIT_CONVERSION = YES;
				GCC_WARN_ABOUT_RETURN_TYPE = YES_ERROR;
				GCC_WARN_UNDECLARED_SELECTOR = YES;
				GCC_WARN_UNINITIALIZED_AUTOS = YES_AGGRESSIVE;
				GCC_WARN_UNUSED_FUNCTION = YES;
				GCC_WARN_UNUSED_VARIABLE = YES;
				IPHONEOS_DEPLOYMENT_TARGET = 8.3;
				MTL_ENABLE_DEBUG_INFO = YES;
				ONLY_ACTIVE_ARCH = YES;
				SDKROOT = iphoneos;
			};
			name = Debug;
		};
		B98162731AEFDE8F000C07FD /* Release */ = {
			isa = XCBuildConfiguration;
			buildSettings = {
				ALWAYS_SEARCH_USER_PATHS = NO;
				CLANG_CXX_LANGUAGE_STANDARD = "gnu++0x";
				CLANG_CXX_LIBRARY = "libc++";
				CLANG_ENABLE_MODULES = YES;
				CLANG_ENABLE_OBJC_ARC = YES;
				CLANG_WARN_BOOL_CONVERSION = YES;
				CLANG_WARN_CONSTANT_CONVERSION = YES;
				CLANG_WARN_DIRECT_OBJC_ISA_USAGE = YES_ERROR;
				CLANG_WARN_EMPTY_BODY = YES;
				CLANG_WARN_ENUM_CONVERSION = YES;
				CLANG_WARN_INT_CONVERSION = YES;
				CLANG_WARN_OBJC_ROOT_CLASS = YES_ERROR;
				CLANG_WARN_UNREACHABLE_CODE = YES;
				CLANG_WARN__DUPLICATE_METHOD_MATCH = YES;
				"CODE_SIGN_IDENTITY[sdk=iphoneos*]" = "iPhone Developer";
				COPY_PHASE_STRIP = NO;
				DEBUG_INFORMATION_FORMAT = "dwarf-with-dsym";
				ENABLE_NS_ASSERTIONS = NO;
				ENABLE_STRICT_OBJC_MSGSEND = YES;
				GCC_C_LANGUAGE_STANDARD = gnu99;
				GCC_NO_COMMON_BLOCKS = YES;
				GCC_WARN_64_TO_32_BIT_CONVERSION = YES;
				GCC_WARN_ABOUT_RETURN_TYPE = YES_ERROR;
				GCC_WARN_UNDECLARED_SELECTOR = YES;
				GCC_WARN_UNINITIALIZED_AUTOS = YES_AGGRESSIVE;
				GCC_WARN_UNUSED_FUNCTION = YES;
				GCC_WARN_UNUSED_VARIABLE = YES;
				IPHONEOS_DEPLOYMENT_TARGET = 8.3;
				MTL_ENABLE_DEBUG_INFO = NO;
				SDKROOT = iphoneos;
				VALIDATE_PRODUCT = YES;
			};
			name = Release;
		};
		B98162751AEFDE8F000C07FD /* Debug */ = {
			isa = XCBuildConfiguration;
			buildSettings = {
				ASSETCATALOG_COMPILER_APPICON_NAME = AppIcon;
				INFOPLIST_FILE = Ratings/Info.plist;
				LD_RUNPATH_SEARCH_PATHS = "$(inherited) @executable_path/Frameworks";
				PRODUCT_NAME = "$(TARGET_NAME)";
			};
			name = Debug;
		};
		B98162761AEFDE8F000C07FD /* Release */ = {
			isa = XCBuildConfiguration;
			buildSettings = {
				ASSETCATALOG_COMPILER_APPICON_NAME = AppIcon;
				INFOPLIST_FILE = Ratings/Info.plist;
				LD_RUNPATH_SEARCH_PATHS = "$(inherited) @executable_path/Frameworks";
				PRODUCT_NAME = "$(TARGET_NAME)";
			};
			name = Release;
		};
		B98162781AEFDE8F000C07FD /* Debug */ = {
			isa = XCBuildConfiguration;
			buildSettings = {
				BUNDLE_LOADER = "$(TEST_HOST)";
				FRAMEWORK_SEARCH_PATHS = (
					"$(SDKROOT)/Developer/Library/Frameworks",
					"$(inherited)",
				);
				GCC_PREPROCESSOR_DEFINITIONS = (
					"DEBUG=1",
					"$(inherited)",
				);
				INFOPLIST_FILE = RatingsTests/Info.plist;
				LD_RUNPATH_SEARCH_PATHS = "$(inherited) @executable_path/Frameworks @loader_path/Frameworks";
				PRODUCT_NAME = "$(TARGET_NAME)";
				TEST_HOST = "$(BUILT_PRODUCTS_DIR)/Ratings.app/Ratings";
			};
			name = Debug;
		};
		B98162791AEFDE8F000C07FD /* Release */ = {
			isa = XCBuildConfiguration;
			buildSettings = {
				BUNDLE_LOADER = "$(TEST_HOST)";
				FRAMEWORK_SEARCH_PATHS = (
					"$(SDKROOT)/Developer/Library/Frameworks",
					"$(inherited)",
				);
				INFOPLIST_FILE = RatingsTests/Info.plist;
				LD_RUNPATH_SEARCH_PATHS = "$(inherited) @executable_path/Frameworks @loader_path/Frameworks";
				PRODUCT_NAME = "$(TARGET_NAME)";
				TEST_HOST = "$(BUILT_PRODUCTS_DIR)/Ratings.app/Ratings";
			};
			name = Release;
		};
/* End XCBuildConfiguration section */

/* Begin XCConfigurationList section */
		B981624C1AEFDE8F000C07FD /* Build configuration list for PBXProject "Ratings" */ = {
			isa = XCConfigurationList;
			buildConfigurations = (
				B98162721AEFDE8F000C07FD /* Debug */,
				B98162731AEFDE8F000C07FD /* Release */,
			);
			defaultConfigurationIsVisible = 0;
			defaultConfigurationName = Release;
		};
		B98162741AEFDE8F000C07FD /* Build configuration list for PBXNativeTarget "Ratings" */ = {
			isa = XCConfigurationList;
			buildConfigurations = (
				B98162751AEFDE8F000C07FD /* Debug */,
				B98162761AEFDE8F000C07FD /* Release */,
			);
			defaultConfigurationIsVisible = 0;
			defaultConfigurationName = Release;
		};
		B98162771AEFDE8F000C07FD /* Build configuration list for PBXNativeTarget "RatingsTests" */ = {
			isa = XCConfigurationList;
			buildConfigurations = (
				B98162781AEFDE8F000C07FD /* Debug */,
				B98162791AEFDE8F000C07FD /* Release */,
			);
			defaultConfigurationIsVisible = 0;
			defaultConfigurationName = Release;
		};
/* End XCConfigurationList section */
	};
	rootObject = B98162491AEFDE8F000C07FD /* Project object */;
}
